
Microsoft Visual Studio Solution File, Format Version 12.00
# Visual Studio Version 16
VisualStudioVersion = 16.0.29102.190
MinimumVisualStudioVersion = 10.0.40219.1
Project("{00D1A9C2-B5F0-4AF3-8072-F6C62B433612}") = "SampleDb", "SampleDb.sqlproj", "{FC546569-47C3-441E-9F2A-DF4693DD97EE}"
EndProject
Global
	GlobalSection(SolutionConfigurationPlatforms) = preSolution
		Debug|Any CPU = Debug|Any CPU
		Release|Any CPU = Release|Any CPU
	EndGlobalSection
	GlobalSection(ProjectConfigurationPlatforms) = postSolution
		{FC546569-47C3-441E-9F2A-DF4693DD97EE}.Debug|Any CPU.ActiveCfg = Debug|Any CPU
		{FC546569-47C3-441E-9F2A-DF4693DD97EE}.Debug|Any CPU.Build.0 = Debug|Any CPU
		{FC546569-47C3-441E-9F2A-DF4693DD97EE}.Debug|Any CPU.Deploy.0 = Debug|Any CPU
		{FC546569-47C3-441E-9F2A-DF4693DD97EE}.Release|Any CPU.ActiveCfg = Release|Any CPU
		{FC546569-47C3-441E-9F2A-DF4693DD97EE}.Release|Any CPU.Build.0 = Release|Any CPU
		{FC546569-47C3-441E-9F2A-DF4693DD97EE}.Release|Any CPU.Deploy.0 = Release|Any CPU
	EndGlobalSection
	GlobalSection(SolutionProperties) = preSolution
		HideSolutionNode = FALSE
	EndGlobalSection
	GlobalSection(ExtensibilityGlobals) = postSolution
		SolutionGuid = {F0865183-66FE-4204-92D8-080B6BC4671C}
	EndGlobalSection
EndGlobal
