
Microsoft Visual Studio Solution File, Format Version 12.00
# Visual Studio 15
VisualStudioVersion = 15.0.28307.757
MinimumVisualStudioVersion = 10.0.40219.1
Project("{9A19103F-16F7-4668-BE54-9A1E7A4F7556}") = "DbDependencyBuilder", "DbDependencyBuilder\DbDependencyBuilder.csproj", "{46183D09-8C38-4B65-9710-9A254D3B900A}"
EndProject
Global
	GlobalSection(SolutionConfigurationPlatforms) = preSolution
		Debug|Any CPU = Debug|Any CPU
		Release|Any CPU = Release|Any CPU
	EndGlobalSection
	GlobalSection(ProjectConfigurationPlatforms) = postSolution
		{46183D09-8C38-4B65-9710-9A254D3B900A}.Debug|Any CPU.ActiveCfg = Debug|Any CPU
		{46183D09-8C38-4B65-9710-9A254D3B900A}.Debug|Any CPU.Build.0 = Debug|Any CPU
		{46183D09-8C38-4B65-9710-9A254D3B900A}.Release|Any CPU.ActiveCfg = Release|Any CPU
		{46183D09-8C38-4B65-9710-9A254D3B900A}.Release|Any CPU.Build.0 = Release|Any CPU
	EndGlobalSection
	GlobalSection(SolutionProperties) = preSolution
		HideSolutionNode = FALSE
	EndGlobalSection
	GlobalSection(ExtensibilityGlobals) = postSolution
		SolutionGuid = {5C3289A3-B6A2-4B0A-ACCE-86D1AFF11A76}
	EndGlobalSection
EndGlobal
